
Microsoft Visual Studio Solution File, Format Version 12.00
# Visual Studio Version 16
VisualStudioVersion = 16.0.32929.386
MinimumVisualStudioVersion = 10.0.40219.1
Project("{FAE04EC0-301F-11D3-BF4B-00C04F79EFBC}") = "RoyalCars", "RoyalCars\RoyalCars.csproj", "{9DBCDC0F-4BE3-4D08-9C9C-E6CC0607FBEE}"
EndProject
Global
	GlobalSection(SolutionConfigurationPlatforms) = preSolution
		Debug|Any CPU = Debug|Any CPU
		Release|Any CPU = Release|Any CPU
	EndGlobalSection
	GlobalSection(ProjectConfigurationPlatforms) = postSolution
		{9DBCDC0F-4BE3-4D08-9C9C-E6CC0607FBEE}.Debug|Any CPU.ActiveCfg = Debug|Any CPU
		{9DBCDC0F-4BE3-4D08-9C9C-E6CC0607FBEE}.Debug|Any CPU.Build.0 = Debug|Any CPU
		{9DBCDC0F-4BE3-4D08-9C9C-E6CC0607FBEE}.Release|Any CPU.ActiveCfg = Release|Any CPU
		{9DBCDC0F-4BE3-4D08-9C9C-E6CC0607FBEE}.Release|Any CPU.Build.0 = Release|Any CPU
	EndGlobalSection
	GlobalSection(SolutionProperties) = preSolution
		HideSolutionNode = FALSE
	EndGlobalSection
	GlobalSection(ExtensibilityGlobals) = postSolution
		SolutionGuid = {15017525-B230-4B79-A58A-D5D1AD0E3B65}
	EndGlobalSection
EndGlobal
